
Microsoft Visual Studio Solution File, Format Version 12.00
# Visual Studio for Mac
Project("{FAE04EC0-301F-11D3-BF4B-00C04F79EFBC}") = "ShotGuy", "Assembly-CSharp.csproj", "{6371DDF6-C5A3-541A-9622-E9961E844ED3}"
EndProject
Global
	GlobalSection(SolutionConfigurationPlatforms) = preSolution
		Debug|Any CPU = Debug|Any CPU
		Release|Any CPU = Release|Any CPU
	EndGlobalSection
	GlobalSection(ProjectConfigurationPlatforms) = postSolution
		{6371DDF6-C5A3-541A-9622-E9961E844ED3}.Debug|Any CPU.ActiveCfg = Debug|Any CPU
		{6371DDF6-C5A3-541A-9622-E9961E844ED3}.Debug|Any CPU.Build.0 = Debug|Any CPU
		{6371DDF6-C5A3-541A-9622-E9961E844ED3}.Release|Any CPU.ActiveCfg = Release|Any CPU
		{6371DDF6-C5A3-541A-9622-E9961E844ED3}.Release|Any CPU.Build.0 = Release|Any CPU
	EndGlobalSection
	GlobalSection(SolutionProperties) = preSolution
		HideSolutionNode = FALSE
	EndGlobalSection
EndGlobal
